
Microsoft Visual Studio Solution File, Format Version 12.00
# Visual Studio Version 17
VisualStudioVersion = 17.5.33502.453
MinimumVisualStudioVersion = 10.0.40219.1
Project("{9A19103F-16F7-4668-BE54-9A1E7A4F7556}") = "UmbracoWebApp", "UmbracoWebApp.csproj", "{754CAF19-2452-4974-A8E8-2118A0544539}"
EndProject
Global
	GlobalSection(SolutionConfigurationPlatforms) = preSolution
		Debug|Any CPU = Debug|Any CPU
		Release|Any CPU = Release|Any CPU
	EndGlobalSection
	GlobalSection(ProjectConfigurationPlatforms) = postSolution
		{754CAF19-2452-4974-A8E8-2118A0544539}.Debug|Any CPU.ActiveCfg = Debug|Any CPU
		{754CAF19-2452-4974-A8E8-2118A0544539}.Debug|Any CPU.Build.0 = Debug|Any CPU
		{754CAF19-2452-4974-A8E8-2118A0544539}.Release|Any CPU.ActiveCfg = Release|Any CPU
		{754CAF19-2452-4974-A8E8-2118A0544539}.Release|Any CPU.Build.0 = Release|Any CPU
	EndGlobalSection
	GlobalSection(SolutionProperties) = preSolution
		HideSolutionNode = FALSE
	EndGlobalSection
	GlobalSection(ExtensibilityGlobals) = postSolution
		SolutionGuid = {E603D274-86F6-47CC-9A03-FECE871AF6D4}
	EndGlobalSection
EndGlobal
